
Microsoft Visual Studio Solution File, Format Version 12.00
# Visual Studio Version 16
VisualStudioVersion = 16.0.30413.136
MinimumVisualStudioVersion = 10.0.40219.1
Project("{9A19103F-16F7-4668-BE54-9A1E7A4F7556}") = "tachograph-reader-lib", "src\tachograph-reader-lib.csproj", "{5A2FCA46-264F-4840-88C2-797515DD1CD0}"
EndProject
Project("{9A19103F-16F7-4668-BE54-9A1E7A4F7556}") = "tachograph-reader-core", "core\tachograph-reader-core.csproj", "{42DDC35B-C479-4DA7-9C91-69928290E1C5}"
EndProject
Global
	GlobalSection(SolutionConfigurationPlatforms) = preSolution
		Debug|Any CPU = Debug|Any CPU
		Release|Any CPU = Release|Any CPU
	EndGlobalSection
	GlobalSection(ProjectConfigurationPlatforms) = postSolution
		{5A2FCA46-264F-4840-88C2-797515DD1CD0}.Debug|Any CPU.ActiveCfg = Debug|Any CPU
		{5A2FCA46-264F-4840-88C2-797515DD1CD0}.Debug|Any CPU.Build.0 = Debug|Any CPU
		{5A2FCA46-264F-4840-88C2-797515DD1CD0}.Release|Any CPU.ActiveCfg = Release|Any CPU
		{5A2FCA46-264F-4840-88C2-797515DD1CD0}.Release|Any CPU.Build.0 = Release|Any CPU
		{42DDC35B-C479-4DA7-9C91-69928290E1C5}.Debug|Any CPU.ActiveCfg = Debug|Any CPU
		{42DDC35B-C479-4DA7-9C91-69928290E1C5}.Debug|Any CPU.Build.0 = Debug|Any CPU
		{42DDC35B-C479-4DA7-9C91-69928290E1C5}.Release|Any CPU.ActiveCfg = Release|Any CPU
		{42DDC35B-C479-4DA7-9C91-69928290E1C5}.Release|Any CPU.Build.0 = Release|Any CPU
	EndGlobalSection
	GlobalSection(SolutionProperties) = preSolution
		HideSolutionNode = FALSE
	EndGlobalSection
	GlobalSection(ExtensibilityGlobals) = postSolution
		SolutionGuid = {4F90B03B-1743-429F-8BEA-B5A469D00A32}
	EndGlobalSection
EndGlobal
